# This file is automatically @generated by Poetry 1.8.2 and should not be changed by hand.

[[package]]
name = "amqp"
version = "5.2.0"
description = "Low-level AMQP client for Python (fork of amqplib)."
optional = false
python-versions = ">=3.6"
files = [
    {file = "amqp-5.2.0-py3-none-any.whl", hash = "sha256:827cb12fb0baa892aad844fd95258143bce4027fdac4fccddbc43330fd281637"},
    {file = "amqp-5.2.0.tar.gz", hash = "sha256:a1ecff425ad063ad42a486c902807d1482311481c8ad95a72694b2975e75f7fd"},
]

[package.dependencies]
vine = ">=5.0.0,<6.0.0"

[[package]]
name = "billiard"
version = "4.2.0"
description = "Python multiprocessing fork with improvements and bugfixes"
optional = false
python-versions = ">=3.7"
files = [
    {file = "billiard-4.2.0-py3-none-any.whl", hash = "sha256:07aa978b308f334ff8282bd4a746e681b3513db5c9a514cbdd810cbbdc19714d"},
    {file = "billiard-4.2.0.tar.gz", hash = "sha256:9a3c3184cb275aa17a732f93f65b20c525d3d9f253722d26a82194803ade5a2c"},
]

[[package]]
name = "celery"
version = "5.4.0"
description = "Distributed Task Queue."
optional = false
python-versions = ">=3.8"
files = [
    {file = "celery-5.4.0-py3-none-any.whl", hash = "sha256:369631eb580cf8c51a82721ec538684994f8277637edde2dfc0dacd73ed97f64"},
    {file = "celery-5.4.0.tar.gz", hash = "sha256:504a19140e8d3029d5acad88330c541d4c3f64c789d85f94756762d8bca7e706"},
]

[package.dependencies]
billiard = ">=4.2.0,<5.0"
click = ">=8.1.2,<9.0"
click-didyoumean = ">=0.3.0"
click-plugins = ">=1.1.1"
click-repl = ">=0.2.0"
kombu = ">=5.3.4,<6.0"
python-dateutil = ">=2.8.2"
tzdata = ">=2022.7"
vine = ">=5.1.0,<6.0"

[package.extras]
arangodb = ["pyArango (>=2.0.2)"]
auth = ["cryptography (==42.0.5)"]
azureblockblob = ["azure-storage-blob (>=12.15.0)"]
brotli = ["brotli (>=1.0.0)", "brotlipy (>=0.7.0)"]
cassandra = ["cassandra-driver (>=3.25.0,<4)"]
consul = ["python-consul2 (==0.1.5)"]
cosmosdbsql = ["pydocumentdb (==2.3.5)"]
couchbase = ["couchbase (>=3.0.0)"]
couchdb = ["pycouchdb (==1.14.2)"]
django = ["Django (>=2.2.28)"]
dynamodb = ["boto3 (>=1.26.143)"]
elasticsearch = ["elastic-transport (<=8.13.0)", "elasticsearch (<=8.13.0)"]
eventlet = ["eventlet (>=0.32.0)"]
gcs = ["google-cloud-storage (>=2.10.0)"]
gevent = ["gevent (>=1.5.0)"]
librabbitmq = ["librabbitmq (>=2.0.0)"]
memcache = ["pylibmc (==1.6.3)"]
mongodb = ["pymongo[srv] (>=4.0.2)"]
msgpack = ["msgpack (==1.0.8)"]
pymemcache = ["python-memcached (>=1.61)"]
pyro = ["pyro4 (==4.82)"]
pytest = ["pytest-celery[all] (>=1.0.0)"]
redis = ["redis (>=4.5.2,!=4.5.5,<6.0.0)"]
s3 = ["boto3 (>=1.26.143)"]
slmq = ["softlayer-messaging (>=1.0.3)"]
solar = ["ephem (==4.1.5)"]
sqlalchemy = ["sqlalchemy (>=1.4.48,<2.1)"]
sqs = ["boto3 (>=1.26.143)", "kombu[sqs] (>=5.3.4)", "pycurl (>=7.43.0.5)", "urllib3 (>=1.26.16)"]
tblib = ["tblib (>=1.3.0)", "tblib (>=1.5.0)"]
yaml = ["PyYAML (>=3.10)"]
zookeeper = ["kazoo (>=1.3.1)"]
zstd = ["zstandard (==0.22.0)"]

[[package]]
name = "click"
version = "8.1.7"
description = "Composable command line interface toolkit"
optional = false
python-versions = ">=3.7"
files = [
    {file = "click-8.1.7-py3-none-any.whl", hash = "sha256:ae74fb96c20a0277a1d615f1e4d73c8414f5a98db8b799a7931d1582f3390c28"},
    {file = "click-8.1.7.tar.gz", hash = "sha256:ca9853ad459e787e2192211578cc907e7594e294c7ccc834310722b41b9ca6de"},
]

[package.dependencies]
colorama = {version = "*", markers = "platform_system == \"Windows\""}

[[package]]
name = "click-didyoumean"
version = "0.3.1"
description = "Enables git-like *did-you-mean* feature in click"
optional = false
python-versions = ">=3.6.2"
files = [
    {file = "click_didyoumean-0.3.1-py3-none-any.whl", hash = "sha256:5c4bb6007cfea5f2fd6583a2fb6701a22a41eb98957e63d0fac41c10e7c3117c"},
    {file = "click_didyoumean-0.3.1.tar.gz", hash = "sha256:4f82fdff0dbe64ef8ab2279bd6aa3f6a99c3b28c05aa09cbfc07c9d7fbb5a463"},
]

[package.dependencies]
click = ">=7"

[[package]]
name = "click-plugins"
version = "1.1.1"
description = "An extension module for click to enable registering CLI commands via setuptools entry-points."
optional = false
python-versions = "*"
files = [
    {file = "click-plugins-1.1.1.tar.gz", hash = "sha256:46ab999744a9d831159c3411bb0c79346d94a444df9a3a3742e9ed63645f264b"},
    {file = "click_plugins-1.1.1-py2.py3-none-any.whl", hash = "sha256:5d262006d3222f5057fd81e1623d4443e41dcda5dc815c06b442aa3c02889fc8"},
]

[package.dependencies]
click = ">=4.0"

[package.extras]
dev = ["coveralls", "pytest (>=3.6)", "pytest-cov", "wheel"]

[[package]]
name = "click-repl"
version = "0.3.0"
description = "REPL plugin for Click"
optional = false
python-versions = ">=3.6"
files = [
    {file = "click-repl-0.3.0.tar.gz", hash = "sha256:17849c23dba3d667247dc4defe1757fff98694e90fe37474f3feebb69ced26a9"},
    {file = "click_repl-0.3.0-py3-none-any.whl", hash = "sha256:fb7e06deb8da8de86180a33a9da97ac316751c094c6899382da7feeeeb51b812"},
]

[package.dependencies]
click = ">=7.0"
prompt-toolkit = ">=3.0.36"

[package.extras]
testing = ["pytest (>=7.2.1)", "pytest-cov (>=4.0.0)", "tox (>=4.4.3)"]

[[package]]
name = "colorama"
version = "0.4.6"
description = "Cross-platform colored terminal text."
optional = false
python-versions = "!=3.0.*,!=3.1.*,!=3.2.*,!=3.3.*,!=3.4.*,!=3.5.*,!=3.6.*,>=2.7"
files = [
    {file = "colorama-0.4.6-py2.py3-none-any.whl", hash = "sha256:4f1d9991f5acc0ca119f9d443620b77f9d6b33703e51011c16baf57afb285fc6"},
    {file = "colorama-0.4.6.tar.gz", hash = "sha256:08695f5cb7ed6e0531a20572697297273c47b8cae5a63ffc6d6ed5c201be6e44"},
]

[[package]]
name = "dnspython"
version = "2.6.1"
description = "DNS toolkit"
optional = false
python-versions = ">=3.8"
files = [
    {file = "dnspython-2.6.1-py3-none-any.whl", hash = "sha256:5ef3b9680161f6fa89daf8ad451b5f1a33b18ae8a1c6778cdf4b43f08c0a6e50"},
    {file = "dnspython-2.6.1.tar.gz", hash = "sha256:e8f0f9c23a7b7cb99ded64e6c3a6f3e701d78f50c55e002b839dea7225cff7cc"},
]

[package.extras]
dev = ["black (>=23.1.0)", "coverage (>=7.0)", "flake8 (>=7)", "mypy (>=1.8)", "pylint (>=3)", "pytest (>=7.4)", "pytest-cov (>=4.1.0)", "sphinx (>=7.2.0)", "twine (>=4.0.0)", "wheel (>=0.42.0)"]
dnssec = ["cryptography (>=41)"]
doh = ["h2 (>=4.1.0)", "httpcore (>=1.0.0)", "httpx (>=0.26.0)"]
doq = ["aioquic (>=0.9.25)"]
idna = ["idna (>=3.6)"]
trio = ["trio (>=0.23)"]
wmi = ["wmi (>=1.5.1)"]

[[package]]
name = "faker"
version = "25.2.0"
description = "Faker is a Python package that generates fake data for you."
optional = false
python-versions = ">=3.8"
files = [
    {file = "Faker-25.2.0-py3-none-any.whl", hash = "sha256:cfe97c4857c4c36ee32ea4aaabef884895992e209bae4cbd26807cf3e05c6918"},
    {file = "Faker-25.2.0.tar.gz", hash = "sha256:45b84f47ff1ef86e3d1a8d11583ca871ecf6730fad0660edadc02576583a2423"},
]

[package.dependencies]
python-dateutil = ">=2.4"

[[package]]
name = "kombu"
version = "5.3.7"
description = "Messaging library for Python."
optional = false
python-versions = ">=3.8"
files = [
    {file = "kombu-5.3.7-py3-none-any.whl", hash = "sha256:5634c511926309c7f9789f1433e9ed402616b56836ef9878f01bd59267b4c7a9"},
    {file = "kombu-5.3.7.tar.gz", hash = "sha256:011c4cd9a355c14a1de8d35d257314a1d2456d52b7140388561acac3cf1a97bf"},
]

[package.dependencies]
amqp = ">=5.1.1,<6.0.0"
vine = "*"

[package.extras]
azureservicebus = ["azure-servicebus (>=7.10.0)"]
azurestoragequeues = ["azure-identity (>=1.12.0)", "azure-storage-queue (>=12.6.0)"]
confluentkafka = ["confluent-kafka (>=2.2.0)"]
consul = ["python-consul2"]
librabbitmq = ["librabbitmq (>=2.0.0)"]
mongodb = ["pymongo (>=4.1.1)"]
msgpack = ["msgpack"]
pyro = ["pyro4"]
qpid = ["qpid-python (>=0.26)", "qpid-tools (>=0.26)"]
redis = ["redis (>=4.5.2,!=4.5.5,!=5.0.2)"]
slmq = ["softlayer-messaging (>=1.0.3)"]
sqlalchemy = ["sqlalchemy (>=1.4.48,<2.1)"]
sqs = ["boto3 (>=1.26.143)", "pycurl (>=7.43.0.5)", "urllib3 (>=1.26.16)"]
yaml = ["PyYAML (>=3.10)"]
zookeeper = ["kazoo (>=2.8.0)"]

[[package]]
name = "mongoengine"
version = "0.28.2"
description = "MongoEngine is a Python Object-Document Mapper for working with MongoDB."
optional = false
python-versions = ">=3.7"
files = [
    {file = "mongoengine-0.28.2-py3-none-any.whl", hash = "sha256:8e0f84a5ad3d335e5da98261454d4ab546c866241ed064adc6433fe2077d43c9"},
    {file = "mongoengine-0.28.2.tar.gz", hash = "sha256:67c35a2ebe0ee7fd8eda3766dc251b9e0aada4489bb935f7a55b4c570d148ca7"},
]

[package.dependencies]
pymongo = ">=3.4,<5.0"

[[package]]
name = "pika"
version = "1.3.2"
description = "Pika Python AMQP Client Library"
optional = false
python-versions = ">=3.7"
files = [
    {file = "pika-1.3.2-py3-none-any.whl", hash = "sha256:0779a7c1fafd805672796085560d290213a465e4f6f76a6fb19e378d8041a14f"},
    {file = "pika-1.3.2.tar.gz", hash = "sha256:b2a327ddddf8570b4965b3576ac77091b850262d34ce8c1d8cb4e4146aa4145f"},
]

[package.extras]
gevent = ["gevent"]
tornado = ["tornado"]
twisted = ["twisted"]

[[package]]
name = "prompt-toolkit"
version = "3.0.43"
description = "Library for building powerful interactive command lines in Python"
optional = false
python-versions = ">=3.7.0"
files = [
    {file = "prompt_toolkit-3.0.43-py3-none-any.whl", hash = "sha256:a11a29cb3bf0a28a387fe5122cdb649816a957cd9261dcedf8c9f1fef33eacf6"},
    {file = "prompt_toolkit-3.0.43.tar.gz", hash = "sha256:3527b7af26106cbc65a040bcc84839a3566ec1b051bb0bfe953631e704b0ff7d"},
]

[package.dependencies]
wcwidth = "*"

[[package]]
name = "pymongo"
version = "4.7.2"
description = "Python driver for MongoDB <http://www.mongodb.org>"
optional = false
python-versions = ">=3.7"
files = [
    {file = "pymongo-4.7.2-cp310-cp310-macosx_10_9_x86_64.whl", hash = "sha256:268d8578c0500012140c5460755ea405cbfe541ef47c81efa9d6744f0f99aeca"},
    {file = "pymongo-4.7.2-cp310-cp310-macosx_11_0_arm64.whl", hash = "sha256:827611beb6c483260d520cfa6a49662d980dfa5368a04296f65fa39e78fccea7"},
    {file = "pymongo-4.7.2-cp310-cp310-manylinux_2_17_aarch64.manylinux2014_aarch64.whl", hash = "sha256:a754e366c404d19ff3f077ddeed64be31e0bb515e04f502bf11987f1baa55a16"},
    {file = "pymongo-4.7.2-cp310-cp310-manylinux_2_17_ppc64le.manylinux2014_ppc64le.whl", hash = "sha256:c44efab10d9a3db920530f7bcb26af8f408b7273d2f0214081d3891979726328"},
    {file = "pymongo-4.7.2-cp310-cp310-manylinux_2_17_s390x.manylinux2014_s390x.whl", hash = "sha256:35b3f0c7d49724859d4df5f0445818d525824a6cd55074c42573d9b50764df67"},
    {file = "pymongo-4.7.2-cp310-cp310-manylinux_2_17_x86_64.manylinux2014_x86_64.whl", hash = "sha256:1e37faf298a37ffb3e0809e77fbbb0a32b6a2d18a83c59cfc2a7b794ea1136b0"},
    {file = "pymongo-4.7.2-cp310-cp310-manylinux_2_5_i686.manylinux1_i686.manylinux_2_17_i686.manylinux2014_i686.whl", hash = "sha256:d1bcd58669e56c08f1e72c5758868b5df169fe267501c949ee83c418e9df9155"},
    {file = "pymongo-4.7.2-cp310-cp310-win32.whl", hash = "sha256:c72d16fede22efe7cdd1f422e8da15760e9498024040429362886f946c10fe95"},
    {file = "pymongo-4.7.2-cp310-cp310-win_amd64.whl", hash = "sha256:12d1fef77d25640cb78893d07ff7d2fac4c4461d8eec45bd3b9ad491a1115d6e"},
    {file = "pymongo-4.7.2-cp311-cp311-macosx_10_9_x86_64.whl", hash = "sha256:fc5af24fcf5fc6f7f40d65446400d45dd12bea933d0299dc9e90c5b22197f1e9"},
    {file = "pymongo-4.7.2-cp311-cp311-macosx_11_0_arm64.whl", hash = "sha256:730778b6f0964b164c187289f906bbc84cb0524df285b7a85aa355bbec43eb21"},
    {file = "pymongo-4.7.2-cp311-cp311-manylinux_2_17_aarch64.manylinux2014_aarch64.whl", hash = "sha256:47a1a4832ef2f4346dcd1a10a36ade7367ad6905929ddb476459abb4fd1b98cb"},
    {file = "pymongo-4.7.2-cp311-cp311-manylinux_2_17_ppc64le.manylinux2014_ppc64le.whl", hash = "sha256:e6eab12c6385526d386543d6823b07187fefba028f0da216506e00f0e1855119"},
    {file = "pymongo-4.7.2-cp311-cp311-manylinux_2_17_s390x.manylinux2014_s390x.whl", hash = "sha256:37e9ea81fa59ee9274457ed7d59b6c27f6f2a5fe8e26f184ecf58ea52a019cb8"},
    {file = "pymongo-4.7.2-cp311-cp311-manylinux_2_17_x86_64.manylinux2014_x86_64.whl", hash = "sha256:7e9d9d2c0aae73aa4369bd373ac2ac59f02c46d4e56c4b6d6e250cfe85f76802"},
    {file = "pymongo-4.7.2-cp311-cp311-manylinux_2_5_i686.manylinux1_i686.manylinux_2_17_i686.manylinux2014_i686.whl", hash = "sha256:cb6e00a79dff22c9a72212ad82021b54bdb3b85f38a85f4fc466bde581d7d17a"},
    {file = "pymongo-4.7.2-cp311-cp311-win32.whl", hash = "sha256:02efd1bb3397e24ef2af45923888b41a378ce00cb3a4259c5f4fc3c70497a22f"},
    {file = "pymongo-4.7.2-cp311-cp311-win_amd64.whl", hash = "sha256:87bb453ac3eb44db95cb6d5a616fbc906c1c00661eec7f55696253a6245beb8a"},
    {file = "pymongo-4.7.2-cp312-cp312-macosx_10_9_x86_64.whl", hash = "sha256:12c466e02133b7f8f4ff1045c6b5916215c5f7923bc83fd6e28e290cba18f9f6"},
    {file = "pymongo-4.7.2-cp312-cp312-macosx_11_0_arm64.whl", hash = "sha256:f91073049c43d14e66696970dd708d319b86ee57ef9af359294eee072abaac79"},
    {file = "pymongo-4.7.2-cp312-cp312-manylinux_2_17_aarch64.manylinux2014_aarch64.whl", hash = "sha256:87032f818bf5052ab742812c715eff896621385c43f8f97cdd37d15b5d394e95"},
    {file = "pymongo-4.7.2-cp312-cp312-manylinux_2_17_ppc64le.manylinux2014_ppc64le.whl", hash = "sha256:6a87eef394039765679f75c6a47455a4030870341cb76eafc349c5944408c882"},
    {file = "pymongo-4.7.2-cp312-cp312-manylinux_2_17_s390x.manylinux2014_s390x.whl", hash = "sha256:d275596f840018858757561840767b39272ac96436fcb54f5cac6d245393fd97"},
    {file = "pymongo-4.7.2-cp312-cp312-manylinux_2_17_x86_64.manylinux2014_x86_64.whl", hash = "sha256:82102e353be13f1a6769660dd88115b1da382447672ba1c2662a0fbe3df1d861"},
    {file = "pymongo-4.7.2-cp312-cp312-manylinux_2_5_i686.manylinux1_i686.manylinux_2_17_i686.manylinux2014_i686.whl", hash = "sha256:194065c9d445017b3c82fb85f89aa2055464a080bde604010dc8eb932a6b3c95"},
    {file = "pymongo-4.7.2-cp312-cp312-win32.whl", hash = "sha256:db4380d1e69fdad1044a4b8f3bb105200542c49a0dde93452d938ff9db1d6d29"},
    {file = "pymongo-4.7.2-cp312-cp312-win_amd64.whl", hash = "sha256:fadc6e8db7707c861ebe25b13ad6aca19ea4d2c56bf04a26691f46c23dadf6e4"},
    {file = "pymongo-4.7.2-cp37-cp37m-macosx_10_9_x86_64.whl", hash = "sha256:2cb77d09bd012cb4b30636e7e38d00b5f9be5eb521c364bde66490c45ee6c4b4"},
    {file = "pymongo-4.7.2-cp37-cp37m-manylinux_2_17_aarch64.manylinux2014_aarch64.whl", hash = "sha256:56bf8b706946952acdea0fe478f8e44f1ed101c4b87f046859e6c3abe6c0a9f4"},
    {file = "pymongo-4.7.2-cp37-cp37m-manylinux_2_17_ppc64le.manylinux2014_ppc64le.whl", hash = "sha256:bcf337d1b252405779d9c79978d6ca15eab3cdaa2f44c100a79221bddad97c8a"},
    {file = "pymongo-4.7.2-cp37-cp37m-manylinux_2_17_s390x.manylinux2014_s390x.whl", hash = "sha256:4ffd1519edbe311df73c74ec338de7d294af535b2748191c866ea3a7c484cd15"},
    {file = "pymongo-4.7.2-cp37-cp37m-manylinux_2_17_x86_64.manylinux2014_x86_64.whl", hash = "sha256:d4d59776f435564159196d971aa89422ead878174aff8fe18e06d9a0bc6d648c"},
    {file = "pymongo-4.7.2-cp37-cp37m-manylinux_2_5_i686.manylinux1_i686.manylinux_2_17_i686.manylinux2014_i686.whl", hash = "sha256:347c49cf7f0ba49ea87c1a5a1984187ecc5516b7c753f31938bf7b37462824fd"},
    {file = "pymongo-4.7.2-cp37-cp37m-manylinux_2_5_i686.manylinux1_i686.whl", hash = "sha256:84bc00200c3cbb6c98a2bb964c9e8284b641e4a33cf10c802390552575ee21de"},
    {file = "pymongo-4.7.2-cp37-cp37m-manylinux_2_5_x86_64.manylinux1_x86_64.whl", hash = "sha256:fcaf8c911cb29316a02356f89dbc0e0dfcc6a712ace217b6b543805690d2aefd"},
    {file = "pymongo-4.7.2-cp37-cp37m-win32.whl", hash = "sha256:b48a5650ee5320d59f6d570bd99a8d5c58ac6f297a4e9090535f6561469ac32e"},
    {file = "pymongo-4.7.2-cp37-cp37m-win_amd64.whl", hash = "sha256:5239ef7e749f1326ea7564428bf861d5250aa39d7f26d612741b1b1273227062"},
    {file = "pymongo-4.7.2-cp38-cp38-macosx_10_9_x86_64.whl", hash = "sha256:d2dcf608d35644e8d276d61bf40a93339d8d66a0e5f3e3f75b2c155a421a1b71"},
    {file = "pymongo-4.7.2-cp38-cp38-macosx_11_0_arm64.whl", hash = "sha256:25eeb2c18ede63891cbd617943dd9e6b9cbccc54f276e0b2e693a0cc40f243c5"},
    {file = "pymongo-4.7.2-cp38-cp38-manylinux_2_17_aarch64.manylinux2014_aarch64.whl", hash = "sha256:9349f0bb17a31371d4cacb64b306e4ca90413a3ad1fffe73ac7cd495570d94b5"},
    {file = "pymongo-4.7.2-cp38-cp38-manylinux_2_17_ppc64le.manylinux2014_ppc64le.whl", hash = "sha256:ffd4d7cb2e6c6e100e2b39606d38a9ffc934e18593dc9bb326196afc7d93ce3d"},
    {file = "pymongo-4.7.2-cp38-cp38-manylinux_2_17_s390x.manylinux2014_s390x.whl", hash = "sha256:9a8bd37f5dabc86efceb8d8cbff5969256523d42d08088f098753dba15f3b37a"},
    {file = "pymongo-4.7.2-cp38-cp38-manylinux_2_17_x86_64.manylinux2014_x86_64.whl", hash = "sha256:1c78f156edc59b905c80c9003e022e1a764c54fd40ac4fea05b0764f829790e2"},
    {file = "pymongo-4.7.2-cp38-cp38-manylinux_2_5_i686.manylinux1_i686.manylinux_2_17_i686.manylinux2014_i686.whl", hash = "sha256:9d892fb91e81cccb83f507cdb2ea0aa026ec3ced7f12a1d60f6a5bf0f20f9c1f"},
    {file = "pymongo-4.7.2-cp38-cp38-manylinux_2_5_i686.manylinux1_i686.whl", hash = "sha256:87832d6076c2c82f42870157414fd876facbb6554d2faf271ffe7f8f30ce7bed"},
    {file = "pymongo-4.7.2-cp38-cp38-manylinux_2_5_x86_64.manylinux1_x86_64.whl", hash = "sha256:ce1a374ea0e49808e0380ffc64284c0ce0f12bd21042b4bef1af3eb7bdf49054"},
    {file = "pymongo-4.7.2-cp38-cp38-win32.whl", hash = "sha256:eb0642e5f0dd7e86bb358749cc278e70b911e617f519989d346f742dc9520dfb"},
    {file = "pymongo-4.7.2-cp38-cp38-win_amd64.whl", hash = "sha256:4bdb5ffe1cd3728c9479671a067ef44dacafc3743741d4dc700c377c4231356f"},
    {file = "pymongo-4.7.2-cp39-cp39-macosx_10_9_x86_64.whl", hash = "sha256:743552033c63f0afdb56b9189ab04b5c1dbffd7310cf7156ab98eebcecf24621"},
    {file = "pymongo-4.7.2-cp39-cp39-macosx_11_0_arm64.whl", hash = "sha256:5239776633f7578b81207e5646245415a5a95f6ae5ef5dff8e7c2357e6264bfc"},
    {file = "pymongo-4.7.2-cp39-cp39-manylinux_2_17_aarch64.manylinux2014_aarch64.whl", hash = "sha256:727ad07952c155cd20045f2ce91143c7dc4fb01a5b4e8012905a89a7da554b0c"},
    {file = "pymongo-4.7.2-cp39-cp39-manylinux_2_17_ppc64le.manylinux2014_ppc64le.whl", hash = "sha256:9385654f01a90f73827af4db90c290a1519f7d9102ba43286e187b373e9a78e9"},
    {file = "pymongo-4.7.2-cp39-cp39-manylinux_2_17_s390x.manylinux2014_s390x.whl", hash = "sha256:0d833651f1ba938bb7501f13e326b96cfbb7d98867b2d545ca6d69c7664903e0"},
    {file = "pymongo-4.7.2-cp39-cp39-manylinux_2_17_x86_64.manylinux2014_x86_64.whl", hash = "sha256:cf17ea9cea14d59b0527403dd7106362917ced7c4ec936c4ba22bd36c912c8e0"},
    {file = "pymongo-4.7.2-cp39-cp39-manylinux_2_5_i686.manylinux1_i686.manylinux_2_17_i686.manylinux2014_i686.whl", hash = "sha256:cecd2df037249d1c74f0af86fb5b766104a5012becac6ff63d85d1de53ba8b98"},
    {file = "pymongo-4.7.2-cp39-cp39-manylinux_2_5_i686.manylinux1_i686.whl", hash = "sha256:65b4c00dedbd333698b83cd2095a639a6f0d7c4e2a617988f6c65fb46711f028"},
    {file = "pymongo-4.7.2-cp39-cp39-manylinux_2_5_x86_64.manylinux1_x86_64.whl", hash = "sha256:d9b6cbc037108ff1a0a867e7670d8513c37f9bcd9ee3d2464411bfabf70ca002"},
    {file = "pymongo-4.7.2-cp39-cp39-win32.whl", hash = "sha256:cf28430ec1924af1bffed37b69a812339084697fd3f3e781074a0148e6475803"},
    {file = "pymongo-4.7.2-cp39-cp39-win_amd64.whl", hash = "sha256:e004527ea42a6b99a8b8d5b42b42762c3bdf80f88fbdb5c3a9d47f3808495b86"},
    {file = "pymongo-4.7.2.tar.gz", hash = "sha256:9024e1661c6e40acf468177bf90ce924d1bc681d2b244adda3ed7b2f4c4d17d7"},
]

[package.dependencies]
dnspython = ">=1.16.0,<3.0.0"

[package.extras]
aws = ["pymongo-auth-aws (>=1.1.0,<2.0.0)"]
encryption = ["certifi", "pymongo-auth-aws (>=1.1.0,<2.0.0)", "pymongocrypt (>=1.6.0,<2.0.0)"]
gssapi = ["pykerberos", "winkerberos (>=0.5.0)"]
ocsp = ["certifi", "cryptography (>=2.5)", "pyopenssl (>=17.2.0)", "requests (<3.0.0)", "service-identity (>=18.1.0)"]
snappy = ["python-snappy"]
test = ["pytest (>=7)"]
zstd = ["zstandard"]

[[package]]
name = "python-dateutil"
version = "2.9.0.post0"
description = "Extensions to the standard Python datetime module"
optional = false
python-versions = "!=3.0.*,!=3.1.*,!=3.2.*,>=2.7"
files = [
    {file = "python-dateutil-2.9.0.post0.tar.gz", hash = "sha256:37dd54208da7e1cd875388217d5e00ebd4179249f90fb72437e91a35459a0ad3"},
    {file = "python_dateutil-2.9.0.post0-py2.py3-none-any.whl", hash = "sha256:a8b2bc7bffae282281c8140a97d3aa9c14da0b136dfe83f850eea9a5f7470427"},
]

[package.dependencies]
six = ">=1.5"

[[package]]
name = "redis"
version = "5.0.4"
description = "Python client for Redis database and key-value store"
optional = false
python-versions = ">=3.7"
files = [
    {file = "redis-5.0.4-py3-none-any.whl", hash = "sha256:7adc2835c7a9b5033b7ad8f8918d09b7344188228809c98df07af226d39dec91"},
    {file = "redis-5.0.4.tar.gz", hash = "sha256:ec31f2ed9675cc54c21ba854cfe0462e6faf1d83c8ce5944709db8a4700b9c61"},
]

[package.extras]
hiredis = ["hiredis (>=1.0.0)"]
ocsp = ["cryptography (>=36.0.1)", "pyopenssl (==20.0.1)", "requests (>=2.26.0)"]

[[package]]
name = "regex"
version = "2024.5.10"
description = "Alternative regular expression module, to replace re."
optional = false
python-versions = ">=3.8"
files = [
    {file = "regex-2024.5.10-cp310-cp310-macosx_10_9_universal2.whl", hash = "sha256:eda3dd46df535da787ffb9036b5140f941ecb91701717df91c9daf64cabef953"},
    {file = "regex-2024.5.10-cp310-cp310-macosx_10_9_x86_64.whl", hash = "sha256:1d5bd666466c8f00a06886ce1397ba8b12371c1f1c6d1bef11013e9e0a1464a8"},
    {file = "regex-2024.5.10-cp310-cp310-macosx_11_0_arm64.whl", hash = "sha256:32e5f3b8e32918bfbdd12eca62e49ab3031125c454b507127ad6ecbd86e62fca"},
    {file = "regex-2024.5.10-cp310-cp310-manylinux_2_17_aarch64.manylinux2014_aarch64.whl", hash = "sha256:534efd2653ebc4f26fc0e47234e53bf0cb4715bb61f98c64d2774a278b58c846"},
    {file = "regex-2024.5.10-cp310-cp310-manylinux_2_17_ppc64le.manylinux2014_ppc64le.whl", hash = "sha256:193b7c6834a06f722f0ce1ba685efe80881de7c3de31415513862f601097648c"},
    {file = "regex-2024.5.10-cp310-cp310-manylinux_2_17_s390x.manylinux2014_s390x.whl", hash = "sha256:160ba087232c5c6e2a1e7ad08bd3a3f49b58c815be0504d8c8aacfb064491cd8"},
    {file = "regex-2024.5.10-cp310-cp310-manylinux_2_17_x86_64.manylinux2014_x86_64.whl", hash = "sha256:951be1eae7b47660412dc4938777a975ebc41936d64e28081bf2e584b47ec246"},
    {file = "regex-2024.5.10-cp310-cp310-manylinux_2_5_i686.manylinux1_i686.manylinux_2_17_i686.manylinux2014_i686.whl", hash = "sha256:d8a0f0ab5453e409586b11ebe91c672040bc804ca98d03a656825f7890cbdf88"},
    {file = "regex-2024.5.10-cp310-cp310-manylinux_2_5_x86_64.manylinux1_x86_64.manylinux_2_12_x86_64.manylinux2010_x86_64.whl", hash = "sha256:9e6d4d6ae1827b2f8c7200aaf7501c37cf3f3896c86a6aaf2566448397c823dd"},
    {file = "regex-2024.5.10-cp310-cp310-musllinux_1_1_aarch64.whl", hash = "sha256:161a206c8f3511e2f5fafc9142a2cc25d7fe9a1ec5ad9b4ad2496a7c33e1c5d2"},
    {file = "regex-2024.5.10-cp310-cp310-musllinux_1_1_i686.whl", hash = "sha256:44b3267cea873684af022822195298501568ed44d542f9a2d9bebc0212e99069"},
    {file = "regex-2024.5.10-cp310-cp310-musllinux_1_1_ppc64le.whl", hash = "sha256:560278c9975694e1f0bc50da187abf2cdc1e4890739ea33df2bc4a85eeef143e"},
    {file = "regex-2024.5.10-cp310-cp310-musllinux_1_1_s390x.whl", hash = "sha256:70364a097437dd0a90b31cd77f09f7387ad9ac60ef57590971f43b7fca3082a5"},
    {file = "regex-2024.5.10-cp310-cp310-musllinux_1_1_x86_64.whl", hash = "sha256:42be5de7cc8c1edac55db92d82b68dc8e683b204d6f5414c5a51997a323d7081"},
    {file = "regex-2024.5.10-cp310-cp310-win32.whl", hash = "sha256:9a8625849387b9d558d528e263ecc9c0fbde86cfa5c2f0eef43fff480ae24d71"},
    {file = "regex-2024.5.10-cp310-cp310-win_amd64.whl", hash = "sha256:903350bf44d7e4116b4d5898b30b15755d61dcd3161e3413a49c7db76f0bee5a"},
    {file = "regex-2024.5.10-cp311-cp311-macosx_10_9_universal2.whl", hash = "sha256:bf9596cba92ce7b1fd32c7b07c6e3212c7eed0edc271757e48bfcd2b54646452"},
    {file = "regex-2024.5.10-cp311-cp311-macosx_10_9_x86_64.whl", hash = "sha256:45cc13d398b6359a7708986386f72bd156ae781c3e83a68a6d4cee5af04b1ce9"},
    {file = "regex-2024.5.10-cp311-cp311-macosx_11_0_arm64.whl", hash = "sha256:ad45f3bccfcb00868f2871dce02a755529838d2b86163ab8a246115e80cfb7d6"},
    {file = "regex-2024.5.10-cp311-cp311-manylinux_2_17_aarch64.manylinux2014_aarch64.whl", hash = "sha256:33d19f0cde6838c81acffff25c7708e4adc7dd02896c9ec25c3939b1500a1778"},
    {file = "regex-2024.5.10-cp311-cp311-manylinux_2_17_ppc64le.manylinux2014_ppc64le.whl", hash = "sha256:0a9f89d7db5ef6bdf53e5cc8e6199a493d0f1374b3171796b464a74ebe8e508a"},
    {file = "regex-2024.5.10-cp311-cp311-manylinux_2_17_s390x.manylinux2014_s390x.whl", hash = "sha256:8c6c71cf92b09e5faa72ea2c68aa1f61c9ce11cb66fdc5069d712f4392ddfd00"},
    {file = "regex-2024.5.10-cp311-cp311-manylinux_2_17_x86_64.manylinux2014_x86_64.whl", hash = "sha256:7467ad8b0eac0b28e52679e972b9b234b3de0ea5cee12eb50091d2b68145fe36"},
    {file = "regex-2024.5.10-cp311-cp311-manylinux_2_5_i686.manylinux1_i686.manylinux_2_17_i686.manylinux2014_i686.whl", hash = "sha256:bc0db93ad039fc2fe32ccd3dd0e0e70c4f3d6e37ae83f0a487e1aba939bd2fbd"},
    {file = "regex-2024.5.10-cp311-cp311-musllinux_1_1_aarch64.whl", hash = "sha256:fa9335674d7c819674467c7b46154196c51efbaf5f5715187fd366814ba3fa39"},
    {file = "regex-2024.5.10-cp311-cp311-musllinux_1_1_i686.whl", hash = "sha256:7dda3091838206969c2b286f9832dff41e2da545b99d1cfaea9ebd8584d02708"},
    {file = "regex-2024.5.10-cp311-cp311-musllinux_1_1_ppc64le.whl", hash = "sha256:504b5116e2bd1821efd815941edff7535e93372a098e156bb9dffde30264e798"},
    {file = "regex-2024.5.10-cp311-cp311-musllinux_1_1_s390x.whl", hash = "sha256:91b53dea84415e8115506cc62e441a2b54537359c63d856d73cb1abe05af4c9a"},
    {file = "regex-2024.5.10-cp311-cp311-musllinux_1_1_x86_64.whl", hash = "sha256:1a3903128f9e17a500618e80c68165c78c741ebb17dd1a0b44575f92c3c68b02"},
    {file = "regex-2024.5.10-cp311-cp311-win32.whl", hash = "sha256:236cace6c1903effd647ed46ce6dd5d76d54985fc36dafc5256032886736c85d"},
    {file = "regex-2024.5.10-cp311-cp311-win_amd64.whl", hash = "sha256:12446827f43c7881decf2c126762e11425de5eb93b3b0d8b581344c16db7047a"},
    {file = "regex-2024.5.10-cp312-cp312-macosx_10_9_universal2.whl", hash = "sha256:14905ed75c7a6edf423eb46c213ed3f4507c38115f1ed3c00f4ec9eafba50e58"},
    {file = "regex-2024.5.10-cp312-cp312-macosx_10_9_x86_64.whl", hash = "sha256:4fad420b14ae1970a1f322e8ae84a1d9d89375eb71e1b504060ab2d1bfe68f3c"},
    {file = "regex-2024.5.10-cp312-cp312-macosx_11_0_arm64.whl", hash = "sha256:c46a76a599fcbf95f98755275c5527304cc4f1bb69919434c1e15544d7052910"},
    {file = "regex-2024.5.10-cp312-cp312-manylinux_2_17_aarch64.manylinux2014_aarch64.whl", hash = "sha256:0faecb6d5779753a6066a3c7a0471a8d29fe25d9981ca9e552d6d1b8f8b6a594"},
    {file = "regex-2024.5.10-cp312-cp312-manylinux_2_17_ppc64le.manylinux2014_ppc64le.whl", hash = "sha256:aab65121229c2ecdf4a31b793d99a6a0501225bd39b616e653c87b219ed34a49"},
    {file = "regex-2024.5.10-cp312-cp312-manylinux_2_17_s390x.manylinux2014_s390x.whl", hash = "sha256:50e7e96a527488334379e05755b210b7da4a60fc5d6481938c1fa053e0c92184"},
    {file = "regex-2024.5.10-cp312-cp312-manylinux_2_17_x86_64.manylinux2014_x86_64.whl", hash = "sha256:ba034c8db4b264ef1601eb33cd23d87c5013b8fb48b8161debe2e5d3bd9156b0"},
    {file = "regex-2024.5.10-cp312-cp312-manylinux_2_5_i686.manylinux1_i686.manylinux_2_17_i686.manylinux2014_i686.whl", hash = "sha256:031219782d97550c2098d9a68ce9e9eaefe67d2d81d8ff84c8354f9c009e720c"},
    {file = "regex-2024.5.10-cp312-cp312-musllinux_1_1_aarch64.whl", hash = "sha256:62b5f7910b639f3c1d122d408421317c351e213ca39c964ad4121f27916631c6"},
    {file = "regex-2024.5.10-cp312-cp312-musllinux_1_1_i686.whl", hash = "sha256:cd832bd9b6120d6074f39bdfbb3c80e416848b07ac72910f1c7f03131a6debc3"},
    {file = "regex-2024.5.10-cp312-cp312-musllinux_1_1_ppc64le.whl", hash = "sha256:e91b1976358e17197157b405cab408a5f4e33310cda211c49fc6da7cffd0b2f0"},
    {file = "regex-2024.5.10-cp312-cp312-musllinux_1_1_s390x.whl", hash = "sha256:571452362d552de508c37191b6abbbb660028b8b418e2d68c20779e0bc8eaaa8"},
    {file = "regex-2024.5.10-cp312-cp312-musllinux_1_1_x86_64.whl", hash = "sha256:5253dcb0bfda7214523de58b002eb0090cb530d7c55993ce5f6d17faf953ece7"},
    {file = "regex-2024.5.10-cp312-cp312-win32.whl", hash = "sha256:2f30a5ab8902f93930dc6f627c4dd5da2703333287081c85cace0fc6e21c25af"},
    {file = "regex-2024.5.10-cp312-cp312-win_amd64.whl", hash = "sha256:3799e36d60a35162bb35b2246d8bb012192b7437dff807ef79c14e7352706306"},
    {file = "regex-2024.5.10-cp38-cp38-macosx_10_9_universal2.whl", hash = "sha256:bbdc5db2c98ac2bf1971ffa1410c87ca7a15800415f788971e8ba8520fc0fda9"},
    {file = "regex-2024.5.10-cp38-cp38-macosx_10_9_x86_64.whl", hash = "sha256:6ccdeef4584450b6f0bddd5135354908dacad95425fcb629fe36d13e48b60f32"},
    {file = "regex-2024.5.10-cp38-cp38-macosx_11_0_arm64.whl", hash = "sha256:29d839829209f3c53f004e1de8c3113efce6d98029f044fa5cfee666253ee7e6"},
    {file = "regex-2024.5.10-cp38-cp38-manylinux_2_17_aarch64.manylinux2014_aarch64.whl", hash = "sha256:0709ba544cf50bd5cb843df4b8bb6701bae2b70a8e88da9add8386cbca5c1385"},
    {file = "regex-2024.5.10-cp38-cp38-manylinux_2_17_ppc64le.manylinux2014_ppc64le.whl", hash = "sha256:972b49f2fe1047b9249c958ec4fa1bdd2cf8ce305dc19d27546d5a38e57732d8"},
    {file = "regex-2024.5.10-cp38-cp38-manylinux_2_17_s390x.manylinux2014_s390x.whl", hash = "sha256:9cdbb1998da94607d5eec02566b9586f0e70d6438abf1b690261aac0edda7ab6"},
    {file = "regex-2024.5.10-cp38-cp38-manylinux_2_17_x86_64.manylinux2014_x86_64.whl", hash = "sha256:bf7c8ee4861d9ef5b1120abb75846828c811f932d63311596ad25fa168053e00"},
    {file = "regex-2024.5.10-cp38-cp38-manylinux_2_5_i686.manylinux1_i686.manylinux_2_17_i686.manylinux2014_i686.whl", hash = "sha256:7d35d4cc9270944e95f9c88af757b0c9fc43f396917e143a5756608462c5223b"},
    {file = "regex-2024.5.10-cp38-cp38-manylinux_2_5_x86_64.manylinux1_x86_64.manylinux_2_12_x86_64.manylinux2010_x86_64.whl", hash = "sha256:8722f72068b3e1156a4b2e1afde6810f1fc67155a9fa30a4b9d5b4bc46f18fb0"},
    {file = "regex-2024.5.10-cp38-cp38-musllinux_1_1_aarch64.whl", hash = "sha256:696639a73ca78a380acfaa0a1f6dd8220616a99074c05bba9ba8bb916914b224"},
    {file = "regex-2024.5.10-cp38-cp38-musllinux_1_1_i686.whl", hash = "sha256:ea057306ab469130167014b662643cfaed84651c792948891d003cf0039223a5"},
    {file = "regex-2024.5.10-cp38-cp38-musllinux_1_1_ppc64le.whl", hash = "sha256:b43b78f9386d3d932a6ce5af4b45f393d2e93693ee18dc4800d30a8909df700e"},
    {file = "regex-2024.5.10-cp38-cp38-musllinux_1_1_s390x.whl", hash = "sha256:c43395a3b7cc9862801a65c6994678484f186ce13c929abab44fb8a9e473a55a"},
    {file = "regex-2024.5.10-cp38-cp38-musllinux_1_1_x86_64.whl", hash = "sha256:0bc94873ba11e34837bffd7e5006703abeffc4514e2f482022f46ce05bd25e67"},
    {file = "regex-2024.5.10-cp38-cp38-win32.whl", hash = "sha256:1118ba9def608250250f4b3e3f48c62f4562ba16ca58ede491b6e7554bfa09ff"},
    {file = "regex-2024.5.10-cp38-cp38-win_amd64.whl", hash = "sha256:458d68d34fb74b906709735c927c029e62f7d06437a98af1b5b6258025223210"},
    {file = "regex-2024.5.10-cp39-cp39-macosx_10_9_universal2.whl", hash = "sha256:15e593386ec6331e0ab4ac0795b7593f02ab2f4b30a698beb89fbdc34f92386a"},
    {file = "regex-2024.5.10-cp39-cp39-macosx_10_9_x86_64.whl", hash = "sha256:ca23b41355ba95929e9505ee04e55495726aa2282003ed9b012d86f857d3e49b"},
    {file = "regex-2024.5.10-cp39-cp39-macosx_11_0_arm64.whl", hash = "sha256:2c8982ee19ccecabbaeac1ba687bfef085a6352a8c64f821ce2f43e6d76a9298"},
    {file = "regex-2024.5.10-cp39-cp39-manylinux_2_17_aarch64.manylinux2014_aarch64.whl", hash = "sha256:7117cb7d6ac7f2e985f3d18aa8a1728864097da1a677ffa69e970ca215baebf1"},
    {file = "regex-2024.5.10-cp39-cp39-manylinux_2_17_ppc64le.manylinux2014_ppc64le.whl", hash = "sha256:b66421f8878a0c82fc0c272a43e2121c8d4c67cb37429b764f0d5ad70b82993b"},
    {file = "regex-2024.5.10-cp39-cp39-manylinux_2_17_s390x.manylinux2014_s390x.whl", hash = "sha256:224a9269f133564109ce668213ef3cb32bc72ccf040b0b51c72a50e569e9dc9e"},
    {file = "regex-2024.5.10-cp39-cp39-manylinux_2_17_x86_64.manylinux2014_x86_64.whl", hash = "sha256:ab98016541543692a37905871a5ffca59b16e08aacc3d7d10a27297b443f572d"},
    {file = "regex-2024.5.10-cp39-cp39-manylinux_2_5_i686.manylinux1_i686.manylinux_2_17_i686.manylinux2014_i686.whl", hash = "sha256:51d27844763c273a122e08a3e86e7aefa54ee09fb672d96a645ece0454d8425e"},
    {file = "regex-2024.5.10-cp39-cp39-manylinux_2_5_x86_64.manylinux1_x86_64.manylinux_2_12_x86_64.manylinux2010_x86_64.whl", hash = "sha256:853cc36e756ff673bf984e9044ccc8fad60b95a748915dddeab9488aea974c73"},
    {file = "regex-2024.5.10-cp39-cp39-musllinux_1_1_aarch64.whl", hash = "sha256:4e7eaf9df15423d07b6050fb91f86c66307171b95ea53e2d87a7993b6d02c7f7"},
    {file = "regex-2024.5.10-cp39-cp39-musllinux_1_1_i686.whl", hash = "sha256:169fd0acd7a259f58f417e492e93d0e15fc87592cd1e971c8c533ad5703b5830"},
    {file = "regex-2024.5.10-cp39-cp39-musllinux_1_1_ppc64le.whl", hash = "sha256:334b79ce9c08f26b4659a53f42892793948a613c46f1b583e985fd5a6bf1c149"},
    {file = "regex-2024.5.10-cp39-cp39-musllinux_1_1_s390x.whl", hash = "sha256:f03b1dbd4d9596dd84955bb40f7d885204d6aac0d56a919bb1e0ff2fb7e1735a"},
    {file = "regex-2024.5.10-cp39-cp39-musllinux_1_1_x86_64.whl", hash = "sha256:cfa6d61a76c77610ba9274c1a90a453062bdf6887858afbe214d18ad41cf6bde"},
    {file = "regex-2024.5.10-cp39-cp39-win32.whl", hash = "sha256:249fbcee0a277c32a3ce36d8e36d50c27c968fdf969e0fbe342658d4e010fbc8"},
    {file = "regex-2024.5.10-cp39-cp39-win_amd64.whl", hash = "sha256:0ce56a923f4c01d7568811bfdffe156268c0a7aae8a94c902b92fe34c4bde785"},
    {file = "regex-2024.5.10.tar.gz", hash = "sha256:304e7e2418146ae4d0ef0e9ffa28f881f7874b45b4994cc2279b21b6e7ae50c8"},
]

[[package]]
name = "six"
version = "1.16.0"
description = "Python 2 and 3 compatibility utilities"
optional = false
python-versions = ">=2.7, !=3.0.*, !=3.1.*, !=3.2.*"
files = [
    {file = "six-1.16.0-py2.py3-none-any.whl", hash = "sha256:8abb2f1d86890a2dfb989f9a77cfcfd3e47c2a354b01111771326f8aa26e0254"},
    {file = "six-1.16.0.tar.gz", hash = "sha256:1e61c37477a1626458e36f7b1d82aa5c9b094fa4802892072e49de9c60c4c926"},
]

[[package]]
name = "tzdata"
version = "2024.1"
description = "Provider of IANA time zone data"
optional = false
python-versions = ">=2"
files = [
    {file = "tzdata-2024.1-py2.py3-none-any.whl", hash = "sha256:9068bc196136463f5245e51efda838afa15aaeca9903f49050dfa2679db4d252"},
    {file = "tzdata-2024.1.tar.gz", hash = "sha256:2674120f8d891909751c38abcdfd386ac0a5a1127954fbc332af6b5ceae07efd"},
]

[[package]]
name = "vine"
version = "5.1.0"
description = "Python promises."
optional = false
python-versions = ">=3.6"
files = [
    {file = "vine-5.1.0-py3-none-any.whl", hash = "sha256:40fdf3c48b2cfe1c38a49e9ae2da6fda88e4794c810050a728bd7413811fb1dc"},
    {file = "vine-5.1.0.tar.gz", hash = "sha256:8b62e981d35c41049211cf62a0a1242d8c1ee9bd15bb196ce38aefd6799e61e0"},
]

[[package]]
name = "wcwidth"
version = "0.2.13"
description = "Measures the displayed width of unicode strings in a terminal"
optional = false
python-versions = "*"
files = [
    {file = "wcwidth-0.2.13-py2.py3-none-any.whl", hash = "sha256:3da69048e4540d84af32131829ff948f1e022c1c6bdb8d6102117aac784f6859"},
    {file = "wcwidth-0.2.13.tar.gz", hash = "sha256:72ea0c06399eb286d978fdedb6923a9eb47e1c486ce63e9b4e64fc18303972b5"},
]

[metadata]
lock-version = "2.0"
python-versions = "^3.12"
content-hash = "e8524a042918bbe442e71ff1af0be0979eea4544ca1d58d423c3bc8be7675333"
